
Microsoft Visual Studio Solution File, Format Version 12.00
# Visual Studio Version 17
VisualStudioVersion = 17.6.33723.286
MinimumVisualStudioVersion = 10.0.40219.1
Project("{9A19103F-16F7-4668-BE54-9A1E7A4F7556}") = "CMSGame", "CMSGame.csproj", "{534CDCCF-F7E1-489C-A847-C1B9330CA453}"
EndProject
Project("{2150E333-8FDC-42A3-9474-1A3956D46DE8}") = "Solution Items", "Solution Items", "{0137D594-CD48-48DE-89E0-A9C8B4F375C4}"
	ProjectSection(SolutionItems) = preProject
		.gitignore = .gitignore
		CHANGELOG.md = CHANGELOG.md
		Docs\Developer.md = Docs\Developer.md
		README.md = README.md
	EndProjectSection
EndProject
Global
	GlobalSection(SolutionConfigurationPlatforms) = preSolution
		Debug|Any CPU = Debug|Any CPU
		ExportDebug|Any CPU = ExportDebug|Any CPU
		ExportRelease|Any CPU = ExportRelease|Any CPU
	EndGlobalSection
	GlobalSection(ProjectConfigurationPlatforms) = postSolution
		{534CDCCF-F7E1-489C-A847-C1B9330CA453}.Debug|Any CPU.ActiveCfg = Debug|Any CPU
		{534CDCCF-F7E1-489C-A847-C1B9330CA453}.Debug|Any CPU.Build.0 = Debug|Any CPU
		{534CDCCF-F7E1-489C-A847-C1B9330CA453}.ExportDebug|Any CPU.ActiveCfg = ExportDebug|Any CPU
		{534CDCCF-F7E1-489C-A847-C1B9330CA453}.ExportDebug|Any CPU.Build.0 = ExportDebug|Any CPU
		{534CDCCF-F7E1-489C-A847-C1B9330CA453}.ExportRelease|Any CPU.ActiveCfg = ExportRelease|Any CPU
		{534CDCCF-F7E1-489C-A847-C1B9330CA453}.ExportRelease|Any CPU.Build.0 = ExportRelease|Any CPU
	EndGlobalSection
	GlobalSection(SolutionProperties) = preSolution
		HideSolutionNode = FALSE
	EndGlobalSection
EndGlobal
